
Microsoft Visual Studio Solution File, Format Version 12.00
# Visual Studio Version 17
VisualStudioVersion = 17.11.35327.3
MinimumVisualStudioVersion = 10.0.40219.1
Project("{FAE04EC0-301F-11D3-BF4B-00C04F79EFBC}") = "sprint2_0.test", "sprint2_0.test.csproj", "{FC09EC0A-7BEB-4D66-94C9-995DA4F96357}"
EndProject
Global
	GlobalSection(SolutionConfigurationPlatforms) = preSolution
		Debug|Any CPU = Debug|Any CPU
		Release|Any CPU = Release|Any CPU
	EndGlobalSection
	GlobalSection(ProjectConfigurationPlatforms) = postSolution
		{FC09EC0A-7BEB-4D66-94C9-995DA4F96357}.Debug|Any CPU.ActiveCfg = Debug|Any CPU
		{FC09EC0A-7BEB-4D66-94C9-995DA4F96357}.Debug|Any CPU.Build.0 = Debug|Any CPU
		{FC09EC0A-7BEB-4D66-94C9-995DA4F96357}.Release|Any CPU.ActiveCfg = Release|Any CPU
		{FC09EC0A-7BEB-4D66-94C9-995DA4F96357}.Release|Any CPU.Build.0 = Release|Any CPU
	EndGlobalSection
	GlobalSection(SolutionProperties) = preSolution
		HideSolutionNode = FALSE
	EndGlobalSection
	GlobalSection(ExtensibilityGlobals) = postSolution
		SolutionGuid = {20F13386-35F0-44B8-BA99-27A6D4F75207}
	EndGlobalSection
EndGlobal
