
Microsoft Visual Studio Solution File, Format Version 12.00
# Visual Studio Version 17
VisualStudioVersion = 17.11.35327.3
MinimumVisualStudioVersion = 10.0.40219.1
Project("{FAE04EC0-301F-11D3-BF4B-00C04F79EFBC}") = "sprint4_0.test", "sprint4_0.test.csproj", "{14F7FD9F-8B82-487B-99C7-20001FCDD3C0}"
EndProject
Global
	GlobalSection(SolutionConfigurationPlatforms) = preSolution
		Debug|Any CPU = Debug|Any CPU
		Release|Any CPU = Release|Any CPU
	EndGlobalSection
	GlobalSection(ProjectConfigurationPlatforms) = postSolution
		{14F7FD9F-8B82-487B-99C7-20001FCDD3C0}.Debug|Any CPU.ActiveCfg = Debug|Any CPU
		{14F7FD9F-8B82-487B-99C7-20001FCDD3C0}.Debug|Any CPU.Build.0 = Debug|Any CPU
		{14F7FD9F-8B82-487B-99C7-20001FCDD3C0}.Release|Any CPU.ActiveCfg = Release|Any CPU
		{14F7FD9F-8B82-487B-99C7-20001FCDD3C0}.Release|Any CPU.Build.0 = Release|Any CPU
	EndGlobalSection
	GlobalSection(SolutionProperties) = preSolution
		HideSolutionNode = FALSE
	EndGlobalSection
	GlobalSection(ExtensibilityGlobals) = postSolution
		SolutionGuid = {331D623E-4355-48F6-ABE1-4454D0F25294}
	EndGlobalSection
EndGlobal
